{
  "name": "noob",
  "version": "1.0.0",
  "lockfileVersion": 1,
  "requires": true,
  "dependencies": {
    "angular": {
      "version": "1.8.1",
      "resolved": "https://registry.npmjs.org/angular/-/angular-1.8.1.tgz",
      "integrity": "sha512-eiasF4uFXsmKD8qYpkKEi9rKVxMv0nIDZXsYrwzSbPIbjmTV05bx+18VDbRmMx7p+gL84T9Qw2NCpVe8w1QKHQ=="
    }
  }
}
